
Microsoft Visual Studio Solution File, Format Version 12.00
# Visual Studio Version 17
VisualStudioVersion = 17.13.35818.85 d17.13
MinimumVisualStudioVersion = 10.0.40219.1
Project("{FAE04EC0-301F-11D3-BF4B-00C04F79EFBC}") = "Day5_3", "Day5_3\Day5_3.csproj", "{77B433AE-F442-4965-B588-7B9750D33DC0}"
EndProject
Global
	GlobalSection(SolutionConfigurationPlatforms) = preSolution
		Debug|Any CPU = Debug|Any CPU
		Release|Any CPU = Release|Any CPU
	EndGlobalSection
	GlobalSection(ProjectConfigurationPlatforms) = postSolution
		{77B433AE-F442-4965-B588-7B9750D33DC0}.Debug|Any CPU.ActiveCfg = Debug|Any CPU
		{77B433AE-F442-4965-B588-7B9750D33DC0}.Debug|Any CPU.Build.0 = Debug|Any CPU
		{77B433AE-F442-4965-B588-7B9750D33DC0}.Release|Any CPU.ActiveCfg = Release|Any CPU
		{77B433AE-F442-4965-B588-7B9750D33DC0}.Release|Any CPU.Build.0 = Release|Any CPU
	EndGlobalSection
	GlobalSection(SolutionProperties) = preSolution
		HideSolutionNode = FALSE
	EndGlobalSection
	GlobalSection(ExtensibilityGlobals) = postSolution
		SolutionGuid = {B55B9395-7C45-4DDA-B8FF-93386D9B89DB}
	EndGlobalSection
EndGlobal
