
Microsoft Visual Studio Solution File, Format Version 12.00
# Visual Studio Version 17
VisualStudioVersion = 17.13.35818.85 d17.13
MinimumVisualStudioVersion = 10.0.40219.1
Project("{FAE04EC0-301F-11D3-BF4B-00C04F79EFBC}") = "Day2_4", "Day2_4\Day2_4.csproj", "{F089F9DD-FE16-45F5-9404-84D3100921FB}"
EndProject
Global
	GlobalSection(SolutionConfigurationPlatforms) = preSolution
		Debug|Any CPU = Debug|Any CPU
		Release|Any CPU = Release|Any CPU
	EndGlobalSection
	GlobalSection(ProjectConfigurationPlatforms) = postSolution
		{F089F9DD-FE16-45F5-9404-84D3100921FB}.Debug|Any CPU.ActiveCfg = Debug|Any CPU
		{F089F9DD-FE16-45F5-9404-84D3100921FB}.Debug|Any CPU.Build.0 = Debug|Any CPU
		{F089F9DD-FE16-45F5-9404-84D3100921FB}.Release|Any CPU.ActiveCfg = Release|Any CPU
		{F089F9DD-FE16-45F5-9404-84D3100921FB}.Release|Any CPU.Build.0 = Release|Any CPU
	EndGlobalSection
	GlobalSection(SolutionProperties) = preSolution
		HideSolutionNode = FALSE
	EndGlobalSection
	GlobalSection(ExtensibilityGlobals) = postSolution
		SolutionGuid = {3EB18A79-B213-47D5-A059-8AAA0E0DA77C}
	EndGlobalSection
EndGlobal
