
Microsoft Visual Studio Solution File, Format Version 12.00
# Visual Studio Version 17
VisualStudioVersion = 17.13.35825.156 d17.13
MinimumVisualStudioVersion = 10.0.40219.1
Project("{FAE04EC0-301F-11D3-BF4B-00C04F79EFBC}") = "Day9_1", "Day9_1\Day9_1.csproj", "{46C129F4-16E7-4A9E-A372-49D3ED50F1CA}"
EndProject
Global
	GlobalSection(SolutionConfigurationPlatforms) = preSolution
		Debug|Any CPU = Debug|Any CPU
		Release|Any CPU = Release|Any CPU
	EndGlobalSection
	GlobalSection(ProjectConfigurationPlatforms) = postSolution
		{46C129F4-16E7-4A9E-A372-49D3ED50F1CA}.Debug|Any CPU.ActiveCfg = Debug|Any CPU
		{46C129F4-16E7-4A9E-A372-49D3ED50F1CA}.Debug|Any CPU.Build.0 = Debug|Any CPU
		{46C129F4-16E7-4A9E-A372-49D3ED50F1CA}.Release|Any CPU.ActiveCfg = Release|Any CPU
		{46C129F4-16E7-4A9E-A372-49D3ED50F1CA}.Release|Any CPU.Build.0 = Release|Any CPU
	EndGlobalSection
	GlobalSection(SolutionProperties) = preSolution
		HideSolutionNode = FALSE
	EndGlobalSection
	GlobalSection(ExtensibilityGlobals) = postSolution
		SolutionGuid = {44E9AB6B-11D0-4C34-8FFB-CB6FF199FEC3}
	EndGlobalSection
EndGlobal
