
Microsoft Visual Studio Solution File, Format Version 12.00
# Visual Studio Version 17
VisualStudioVersion = 17.13.35825.156 d17.13
MinimumVisualStudioVersion = 10.0.40219.1
Project("{FAE04EC0-301F-11D3-BF4B-00C04F79EFBC}") = "Day6_4", "Day6_4\Day6_4.csproj", "{CCFBC093-FE95-46A2-99FF-8B81C742C83A}"
EndProject
Global
	GlobalSection(SolutionConfigurationPlatforms) = preSolution
		Debug|Any CPU = Debug|Any CPU
		Release|Any CPU = Release|Any CPU
	EndGlobalSection
	GlobalSection(ProjectConfigurationPlatforms) = postSolution
		{CCFBC093-FE95-46A2-99FF-8B81C742C83A}.Debug|Any CPU.ActiveCfg = Debug|Any CPU
		{CCFBC093-FE95-46A2-99FF-8B81C742C83A}.Debug|Any CPU.Build.0 = Debug|Any CPU
		{CCFBC093-FE95-46A2-99FF-8B81C742C83A}.Release|Any CPU.ActiveCfg = Release|Any CPU
		{CCFBC093-FE95-46A2-99FF-8B81C742C83A}.Release|Any CPU.Build.0 = Release|Any CPU
	EndGlobalSection
	GlobalSection(SolutionProperties) = preSolution
		HideSolutionNode = FALSE
	EndGlobalSection
	GlobalSection(ExtensibilityGlobals) = postSolution
		SolutionGuid = {884EEB3F-6454-49CA-A10E-AFB531885B7E}
	EndGlobalSection
EndGlobal
