
Microsoft Visual Studio Solution File, Format Version 12.00
# Visual Studio Version 17
VisualStudioVersion = 17.13.35825.156 d17.13
MinimumVisualStudioVersion = 10.0.40219.1
Project("{FAE04EC0-301F-11D3-BF4B-00C04F79EFBC}") = "Day8_6", "Day8_6\Day8_6.csproj", "{E421B844-8E86-40FF-B4D9-05FC1550B648}"
EndProject
Global
	GlobalSection(SolutionConfigurationPlatforms) = preSolution
		Debug|Any CPU = Debug|Any CPU
		Release|Any CPU = Release|Any CPU
	EndGlobalSection
	GlobalSection(ProjectConfigurationPlatforms) = postSolution
		{E421B844-8E86-40FF-B4D9-05FC1550B648}.Debug|Any CPU.ActiveCfg = Debug|Any CPU
		{E421B844-8E86-40FF-B4D9-05FC1550B648}.Debug|Any CPU.Build.0 = Debug|Any CPU
		{E421B844-8E86-40FF-B4D9-05FC1550B648}.Release|Any CPU.ActiveCfg = Release|Any CPU
		{E421B844-8E86-40FF-B4D9-05FC1550B648}.Release|Any CPU.Build.0 = Release|Any CPU
	EndGlobalSection
	GlobalSection(SolutionProperties) = preSolution
		HideSolutionNode = FALSE
	EndGlobalSection
	GlobalSection(ExtensibilityGlobals) = postSolution
		SolutionGuid = {D8C0E0B5-3170-4767-9F09-BA5B832C68BC}
	EndGlobalSection
EndGlobal
