
Microsoft Visual Studio Solution File, Format Version 12.00
# Visual Studio Version 17
VisualStudioVersion = 17.13.35818.85 d17.13
MinimumVisualStudioVersion = 10.0.40219.1
Project("{FAE04EC0-301F-11D3-BF4B-00C04F79EFBC}") = "Test_Game", "Test_Game\Test_Game.csproj", "{B9BE6E0C-6932-49C0-B57F-AC93D80BA93A}"
EndProject
Global
	GlobalSection(SolutionConfigurationPlatforms) = preSolution
		Debug|Any CPU = Debug|Any CPU
		Release|Any CPU = Release|Any CPU
	EndGlobalSection
	GlobalSection(ProjectConfigurationPlatforms) = postSolution
		{B9BE6E0C-6932-49C0-B57F-AC93D80BA93A}.Debug|Any CPU.ActiveCfg = Debug|Any CPU
		{B9BE6E0C-6932-49C0-B57F-AC93D80BA93A}.Debug|Any CPU.Build.0 = Debug|Any CPU
		{B9BE6E0C-6932-49C0-B57F-AC93D80BA93A}.Release|Any CPU.ActiveCfg = Release|Any CPU
		{B9BE6E0C-6932-49C0-B57F-AC93D80BA93A}.Release|Any CPU.Build.0 = Release|Any CPU
	EndGlobalSection
	GlobalSection(SolutionProperties) = preSolution
		HideSolutionNode = FALSE
	EndGlobalSection
	GlobalSection(ExtensibilityGlobals) = postSolution
		SolutionGuid = {3BCDE867-9F58-4613-909E-381C4AC795BB}
	EndGlobalSection
EndGlobal
