
Microsoft Visual Studio Solution File, Format Version 12.00
# Visual Studio Version 17
VisualStudioVersion = 17.13.35818.85 d17.13
MinimumVisualStudioVersion = 10.0.40219.1
Project("{FAE04EC0-301F-11D3-BF4B-00C04F79EFBC}") = "RIon2", "RIon2\RIon2.csproj", "{90ED8A85-82E2-4E36-A40E-25636CED7EE6}"
EndProject
Global
	GlobalSection(SolutionConfigurationPlatforms) = preSolution
		Debug|Any CPU = Debug|Any CPU
		Release|Any CPU = Release|Any CPU
	EndGlobalSection
	GlobalSection(ProjectConfigurationPlatforms) = postSolution
		{90ED8A85-82E2-4E36-A40E-25636CED7EE6}.Debug|Any CPU.ActiveCfg = Debug|Any CPU
		{90ED8A85-82E2-4E36-A40E-25636CED7EE6}.Debug|Any CPU.Build.0 = Debug|Any CPU
		{90ED8A85-82E2-4E36-A40E-25636CED7EE6}.Release|Any CPU.ActiveCfg = Release|Any CPU
		{90ED8A85-82E2-4E36-A40E-25636CED7EE6}.Release|Any CPU.Build.0 = Release|Any CPU
	EndGlobalSection
	GlobalSection(SolutionProperties) = preSolution
		HideSolutionNode = FALSE
	EndGlobalSection
	GlobalSection(ExtensibilityGlobals) = postSolution
		SolutionGuid = {58E459C6-1767-414F-88C0-33D8888531FA}
	EndGlobalSection
EndGlobal
