
Microsoft Visual Studio Solution File, Format Version 12.00
# Visual Studio Version 17
VisualStudioVersion = 17.13.35818.85 d17.13
MinimumVisualStudioVersion = 10.0.40219.1
Project("{FAE04EC0-301F-11D3-BF4B-00C04F79EFBC}") = "Rion3", "Rion3\Rion3.csproj", "{98D6D866-10A4-44EF-87CA-6F6082D04E2B}"
EndProject
Global
	GlobalSection(SolutionConfigurationPlatforms) = preSolution
		Debug|Any CPU = Debug|Any CPU
		Release|Any CPU = Release|Any CPU
	EndGlobalSection
	GlobalSection(ProjectConfigurationPlatforms) = postSolution
		{98D6D866-10A4-44EF-87CA-6F6082D04E2B}.Debug|Any CPU.ActiveCfg = Debug|Any CPU
		{98D6D866-10A4-44EF-87CA-6F6082D04E2B}.Debug|Any CPU.Build.0 = Debug|Any CPU
		{98D6D866-10A4-44EF-87CA-6F6082D04E2B}.Release|Any CPU.ActiveCfg = Release|Any CPU
		{98D6D866-10A4-44EF-87CA-6F6082D04E2B}.Release|Any CPU.Build.0 = Release|Any CPU
	EndGlobalSection
	GlobalSection(SolutionProperties) = preSolution
		HideSolutionNode = FALSE
	EndGlobalSection
	GlobalSection(ExtensibilityGlobals) = postSolution
		SolutionGuid = {919CD243-B266-4267-8B89-B6C0126D9B29}
	EndGlobalSection
EndGlobal
